
Microsoft Visual Studio Solution File, Format Version 12.00
# Visual Studio Version 17
VisualStudioVersion = 17.0.31919.166
MinimumVisualStudioVersion = 10.0.40219.1
Project("{FAE04EC0-301F-11D3-BF4B-00C04F79EFBC}") = "jogo-dos-7-erros", "jogo-dos-7-erros\jogo-dos-7-erros.csproj", "{B89233D3-52BB-400C-80D6-2C04582A6FBF}"
EndProject
Global
	GlobalSection(SolutionConfigurationPlatforms) = preSolution
		Debug|Any CPU = Debug|Any CPU
		Release|Any CPU = Release|Any CPU
	EndGlobalSection
	GlobalSection(ProjectConfigurationPlatforms) = postSolution
		{B89233D3-52BB-400C-80D6-2C04582A6FBF}.Debug|Any CPU.ActiveCfg = Debug|Any CPU
		{B89233D3-52BB-400C-80D6-2C04582A6FBF}.Debug|Any CPU.Build.0 = Debug|Any CPU
		{B89233D3-52BB-400C-80D6-2C04582A6FBF}.Release|Any CPU.ActiveCfg = Release|Any CPU
		{B89233D3-52BB-400C-80D6-2C04582A6FBF}.Release|Any CPU.Build.0 = Release|Any CPU
	EndGlobalSection
	GlobalSection(SolutionProperties) = preSolution
		HideSolutionNode = FALSE
	EndGlobalSection
	GlobalSection(ExtensibilityGlobals) = postSolution
		SolutionGuid = {B31E0318-7F29-4129-9A67-48A887819357}
	EndGlobalSection
EndGlobal
